
Microsoft Visual Studio Solution File, Format Version 12.00
# Visual Studio Version 17
VisualStudioVersion = 17.9.34728.123
MinimumVisualStudioVersion = 10.0.40219.1
Project("{888888A0-9F3D-457C-B088-3A5042F75D52}") = "AgroApp", "AgroApp\AgroApp.pyproj", "{9CDD5C9B-E362-4752-B51E-A980CD178126}"
EndProject
Global
	GlobalSection(SolutionConfigurationPlatforms) = preSolution
		Debug|Any CPU = Debug|Any CPU
		Release|Any CPU = Release|Any CPU
	EndGlobalSection
	GlobalSection(ProjectConfigurationPlatforms) = postSolution
		{9CDD5C9B-E362-4752-B51E-A980CD178126}.Debug|Any CPU.ActiveCfg = Debug|Any CPU
		{9CDD5C9B-E362-4752-B51E-A980CD178126}.Release|Any CPU.ActiveCfg = Release|Any CPU
	EndGlobalSection
	GlobalSection(SolutionProperties) = preSolution
		HideSolutionNode = FALSE
	EndGlobalSection
	GlobalSection(ExtensibilityGlobals) = postSolution
		SolutionGuid = {B07BED57-BA51-481C-98DF-C00E1B73E34C}
	EndGlobalSection
EndGlobal
